
Microsoft Visual Studio Solution File, Format Version 12.00
# Visual Studio Version 16
VisualStudioVersion = 16.0.31515.178
MinimumVisualStudioVersion = 10.0.40219.1
Project("{8BC9CEB8-8B4A-11D0-8D11-00A0C91BC942}") = "Color_Exchange", "Color_Exchange\Color_Exchange.vcxproj", "{96A044A2-08D7-4CCD-8717-561C1F1549C6}"
EndProject
Global
	GlobalSection(SolutionConfigurationPlatforms) = preSolution
		Debug|x64 = Debug|x64
		Debug|x86 = Debug|x86
		Release|x64 = Release|x64
		Release|x86 = Release|x86
	EndGlobalSection
	GlobalSection(ProjectConfigurationPlatforms) = postSolution
		{96A044A2-08D7-4CCD-8717-561C1F1549C6}.Debug|x64.ActiveCfg = Debug|x64
		{96A044A2-08D7-4CCD-8717-561C1F1549C6}.Debug|x64.Build.0 = Debug|x64
		{96A044A2-08D7-4CCD-8717-561C1F1549C6}.Debug|x86.ActiveCfg = Debug|Win32
		{96A044A2-08D7-4CCD-8717-561C1F1549C6}.Debug|x86.Build.0 = Debug|Win32
		{96A044A2-08D7-4CCD-8717-561C1F1549C6}.Release|x64.ActiveCfg = Release|x64
		{96A044A2-08D7-4CCD-8717-561C1F1549C6}.Release|x64.Build.0 = Release|x64
		{96A044A2-08D7-4CCD-8717-561C1F1549C6}.Release|x86.ActiveCfg = Release|Win32
		{96A044A2-08D7-4CCD-8717-561C1F1549C6}.Release|x86.Build.0 = Release|Win32
	EndGlobalSection
	GlobalSection(SolutionProperties) = preSolution
		HideSolutionNode = FALSE
	EndGlobalSection
	GlobalSection(ExtensibilityGlobals) = postSolution
		SolutionGuid = {9ABAF526-8FF4-4F43-926D-022E031CE1D3}
	EndGlobalSection
EndGlobal
